// !$*UTF8*$!
{
	archiveVersion = 1;
	classes = {
	};
	objectVersion = 50;
	objects = {

/* Begin PBXBuildFile section */
		DA7C387523C7F3740023160E /* AppDelegate.swift in Sources */ = {isa = PBXBuildFile; fileRef = DA7C387423C7F3740023160E /* AppDelegate.swift */; };
		DA7C387723C7F3750023160E /* SceneDelegate.swift in Sources */ = {isa = PBXBuildFile; fileRef = DA7C387623C7F3740023160E /* SceneDelegate.swift */; };
		DA7C387923C7F3750023160E /* ContentView.swift in Sources */ = {isa = PBXBuildFile; fileRef = DA7C387823C7F3750023160E /* ContentView.swift */; };
		DA7C387B23C7F3910023160E /* Assets.xcassets in Resources */ = {isa = PBXBuildFile; fileRef = DA7C387A23C7F3910023160E /* Assets.xcassets */; };
		DA7C387E23C7F3910023160E /* Preview Assets.xcassets in Resources */ = {isa = PBXBuildFile; fileRef = DA7C387D23C7F3910023160E /* Preview Assets.xcassets */; };
		DA7C388123C7F3920023160E /* LaunchScreen.storyboard in Resources */ = {isa = PBXBuildFile; fileRef = DA7C387F23C7F3920023160E /* LaunchScreen.storyboard */; };
		DA7C388C23C7F3930023160E /* GroceryTests.swift in Sources */ = {isa = PBXBuildFile; fileRef = DA7C388B23C7F3930023160E /* GroceryTests.swift */; };
		DA7C389723C7F3940023160E /* GroceryUITests.swift in Sources */ = {isa = PBXBuildFile; fileRef = DA7C389623C7F3940023160E /* GroceryUITests.swift */; };
/* End PBXBuildFile section */

/* Begin PBXContainerItemProxy section */
		DA7C388823C7F3930023160E /* PBXContainerItemProxy */ = {
			isa = PBXContainerItemProxy;
			containerPortal = DA7C386923C7F3740023160E /* Project object */;
			proxyType = 1;
			remoteGlobalIDString = DA7C387023C7F3740023160E;
			remoteInfo = Grocery;
		};
		DA7C389323C7F3930023160E /* PBXContainerItemProxy */ = {
			isa = PBXContainerItemProxy;
			containerPortal = DA7C386923C7F3740023160E /* Project object */;
			proxyType = 1;
			remoteGlobalIDString = DA7C387023C7F3740023160E;
			remoteInfo = Grocery;
		};
/* End PBXContainerItemProxy section */

/* Begin PBXFileReference section */
		DA7C387123C7F3740023160E /* Grocery.app */ = {isa = PBXFileReference; explicitFileType = wrapper.application; includeInIndex = 0; path = Grocery.app; sourceTree = BUILT_PRODUCTS_DIR; };
		DA7C387423C7F3740023160E /* AppDelegate.swift */ = {isa = PBXFileReference; lastKnownFileType = sourcecode.swift; path = AppDelegate.swift; sourceTree = "<group>"; };
		DA7C387623C7F3740023160E /* SceneDelegate.swift */ = {isa = PBXFileReference; lastKnownFileType = sourcecode.swift; path = SceneDelegate.swift; sourceTree = "<group>"; };
		DA7C387823C7F3750023160E /* ContentView.swift */ = {isa = PBXFileReference; lastKnownFileType = sourcecode.swift; path = ContentView.swift; sourceTree = "<group>"; };
		DA7C387A23C7F3910023160E /* Assets.xcassets */ = {isa = PBXFileReference; lastKnownFileType = folder.assetcatalog; path = Assets.xcassets; sourceTree = "<group>"; };
		DA7C387D23C7F3910023160E /* Preview Assets.xcassets */ = {isa = PBXFileReference; lastKnownFileType = folder.assetcatalog; path = "Preview Assets.xcassets"; sourceTree = "<group>"; };
		DA7C388023C7F3920023160E /* Base */ = {isa = PBXFileReference; lastKnownFileType = file.storyboard; name = Base; path = Base.lproj/LaunchScreen.storyboard; sourceTree = "<group>"; };
		DA7C388223C7F3920023160E /* Info.plist */ = {isa = PBXFileReference; lastKnownFileType = text.plist.xml; path = Info.plist; sourceTree = "<group>"; };
		DA7C388723C7F3930023160E /* GroceryTests.xctest */ = {isa = PBXFileReference; explicitFileType = wrapper.cfbundle; includeInIndex = 0; path = GroceryTests.xctest; sourceTree = BUILT_PRODUCTS_DIR; };
		DA7C388B23C7F3930023160E /* GroceryTests.swift */ = {isa = PBXFileReference; lastKnownFileType = sourcecode.swift; path = GroceryTests.swift; sourceTree = "<group>"; };
		DA7C388D23C7F3930023160E /* Info.plist */ = {isa = PBXFileReference; lastKnownFileType = text.plist.xml; path = Info.plist; sourceTree = "<group>"; };
		DA7C389223C7F3930023160E /* GroceryUITests.xctest */ = {isa = PBXFileReference; explicitFileType = wrapper.cfbundle; includeInIndex = 0; path = GroceryUITests.xctest; sourceTree = BUILT_PRODUCTS_DIR; };
		DA7C389623C7F3940023160E /* GroceryUITests.swift */ = {isa = PBXFileReference; lastKnownFileType = sourcecode.swift; path = GroceryUITests.swift; sourceTree = "<group>"; };
		DA7C389823C7F3940023160E /* Info.plist */ = {isa = PBXFileReference; lastKnownFileType = text.plist.xml; path = Info.plist; sourceTree = "<group>"; };
/* End PBXFileReference section */

/* Begin PBXFrameworksBuildPhase section */
		DA7C386E23C7F3740023160E /* Frameworks */ = {
			isa = PBXFrameworksBuildPhase;
			buildActionMask = 2147483647;
			files = (
			);
			runOnlyForDeploymentPostprocessing = 0;
		};
		DA7C388423C7F3930023160E /* Frameworks */ = {
			isa = PBXFrameworksBuildPhase;
			buildActionMask = 2147483647;
			files = (
			);
			runOnlyForDeploymentPostprocessing = 0;
		};
		DA7C388F23C7F3930023160E /* Frameworks */ = {
			isa = PBXFrameworksBuildPhase;
			buildActionMask = 2147483647;
			files = (
			);
			runOnlyForDeploymentPostprocessing = 0;
		};
/* End PBXFrameworksBuildPhase section */

/* Begin PBXGroup section */
		DA7C386823C7F3740023160E = {
			isa = PBXGroup;
			children = (
				DA7C387323C7F3740023160E /* Grocery */,
				DA7C388A23C7F3930023160E /* GroceryTests */,
				DA7C389523C7F3940023160E /* GroceryUITests */,
				DA7C387223C7F3740023160E /* Products */,
			);
			sourceTree = "<group>";
		};
		DA7C387223C7F3740023160E /* Products */ = {
			isa = PBXGroup;
			children = (
				DA7C387123C7F3740023160E /* Grocery.app */,
				DA7C388723C7F3930023160E /* GroceryTests.xctest */,
				DA7C389223C7F3930023160E /* GroceryUITests.xctest */,
			);
			name = Products;
			sourceTree = "<group>";
		};
		DA7C387323C7F3740023160E /* Grocery */ = {
			isa = PBXGroup;
			children = (
				DA7C387423C7F3740023160E /* AppDelegate.swift */,
				DA7C387623C7F3740023160E /* SceneDelegate.swift */,
				DA7C387823C7F3750023160E /* ContentView.swift */,
				DA7C387A23C7F3910023160E /* Assets.xcassets */,
				DA7C387F23C7F3920023160E /* LaunchScreen.storyboard */,
				DA7C388223C7F3920023160E /* Info.plist */,
				DA7C387C23C7F3910023160E /* Preview Content */,
			);
			path = Grocery;
			sourceTree = "<group>";
		};
		DA7C387C23C7F3910023160E /* Preview Content */ = {
			isa = PBXGroup;
			children = (
				DA7C387D23C7F3910023160E /* Preview Assets.xcassets */,
			);
			path = "Preview Content";
			sourceTree = "<group>";
		};
		DA7C388A23C7F3930023160E /* GroceryTests */ = {
			isa = PBXGroup;
			children = (
				DA7C388B23C7F3930023160E /* GroceryTests.swift */,
				DA7C388D23C7F3930023160E /* Info.plist */,
			);
			path = GroceryTests;
			sourceTree = "<group>";
		};
		DA7C389523C7F3940023160E /* GroceryUITests */ = {
			isa = PBXGroup;
			children = (
				DA7C389623C7F3940023160E /* GroceryUITests.swift */,
				DA7C389823C7F3940023160E /* Info.plist */,
			);
			path = GroceryUITests;
			sourceTree = "<group>";
		};
/* End PBXGroup section */

/* Begin PBXNativeTarget section */
		DA7C387023C7F3740023160E /* Grocery */ = {
			isa = PBXNativeTarget;
			buildConfigurationList = DA7C389B23C7F3940023160E /* Build configuration list for PBXNativeTarget "Grocery" */;
			buildPhases = (
				DA7C386D23C7F3740023160E /* Sources */,
				DA7C386E23C7F3740023160E /* Frameworks */,
				DA7C386F23C7F3740023160E /* Resources */,
			);
			buildRules = (
			);
			dependencies = (
			);
			name = Grocery;
			productName = Grocery;
			productReference = DA7C387123C7F3740023160E /* Grocery.app */;
			productType = "com.apple.product-type.application";
		};
		DA7C388623C7F3930023160E /* GroceryTests */ = {
			isa = PBXNativeTarget;
			buildConfigurationList = DA7C389E23C7F3940023160E /* Build configuration list for PBXNativeTarget "GroceryTests" */;
			buildPhases = (
				DA7C388323C7F3930023160E /* Sources */,
				DA7C388423C7F3930023160E /* Frameworks */,
				DA7C388523C7F3930023160E /* Resources */,
			);
			buildRules = (
			);
			dependencies = (
				DA7C388923C7F3930023160E /* PBXTargetDependency */,
			);
			name = GroceryTests;
			productName = GroceryTests;
			productReference = DA7C388723C7F3930023160E /* GroceryTests.xctest */;
			productType = "com.apple.product-type.bundle.unit-test";
		};
		DA7C389123C7F3930023160E /* GroceryUITests */ = {
			isa = PBXNativeTarget;
			buildConfigurationList = DA7C38A123C7F3940023160E /* Build configuration list for PBXNativeTarget "GroceryUITests" */;
			buildPhases = (
				DA7C388E23C7F3930023160E /* Sources */,
				DA7C388F23C7F3930023160E /* Frameworks */,
				DA7C389023C7F3930023160E /* Resources */,
			);
			buildRules = (
			);
			dependencies = (
				DA7C389423C7F3930023160E /* PBXTargetDependency */,
			);
			name = GroceryUITests;
			productName = GroceryUITests;
			productReference = DA7C389223C7F3930023160E /* GroceryUITests.xctest */;
			productType = "com.apple.product-type.bundle.ui-testing";
		};
/* End PBXNativeTarget section */

/* Begin PBXProject section */
		DA7C386923C7F3740023160E /* Project object */ = {
			isa = PBXProject;
			attributes = {
				LastSwiftUpdateCheck = 1110;
				LastUpgradeCheck = 1110;
				ORGANIZATIONNAME = Tello;
				TargetAttributes = {
					DA7C387023C7F3740023160E = {
						CreatedOnToolsVersion = 11.1;
					};
					DA7C388623C7F3930023160E = {
						CreatedOnToolsVersion = 11.1;
						TestTargetID = DA7C387023C7F3740023160E;
					};
					DA7C389123C7F3930023160E = {
						CreatedOnToolsVersion = 11.1;
						TestTargetID = DA7C387023C7F3740023160E;
					};
				};
			};
			buildConfigurationList = DA7C386C23C7F3740023160E /* Build configuration list for PBXProject "Grocery" */;
			compatibilityVersion = "Xcode 9.3";
			developmentRegion = en;
			hasScannedForEncodings = 0;
			knownRegions = (
				en,
				Base,
			);
			mainGroup = DA7C386823C7F3740023160E;
			productRefGroup = DA7C387223C7F3740023160E /* Products */;
			projectDirPath = "";
			projectRoot = "";
			targets = (
				DA7C387023C7F3740023160E /* Grocery */,
				DA7C388623C7F3930023160E /* GroceryTests */,
				DA7C389123C7F3930023160E /* GroceryUITests */,
			);
		};
/* End PBXProject section */

/* Begin PBXResourcesBuildPhase section */
		DA7C386F23C7F3740023160E /* Resources */ = {
			isa = PBXResourcesBuildPhase;
			buildActionMask = 2147483647;
			files = (
				DA7C388123C7F3920023160E /* LaunchScreen.storyboard in Resources */,
				DA7C387E23C7F3910023160E /* Preview Assets.xcassets in Resources */,
				DA7C387B23C7F3910023160E /* Assets.xcassets in Resources */,
			);
			runOnlyForDeploymentPostprocessing = 0;
		};
		DA7C388523C7F3930023160E /* Resources */ = {
			isa = PBXResourcesBuildPhase;
			buildActionMask = 2147483647;
			files = (
			);
			runOnlyForDeploymentPostprocessing = 0;
		};
		DA7C389023C7F3930023160E /* Resources */ = {
			isa = PBXResourcesBuildPhase;
			buildActionMask = 2147483647;
			files = (
			);
			runOnlyForDeploymentPostprocessing = 0;
		};
/* End PBXResourcesBuildPhase section */

/* Begin PBXSourcesBuildPhase section */
		DA7C386D23C7F3740023160E /* Sources */ = {
			isa = PBXSourcesBuildPhase;
			buildActionMask = 2147483647;
			files = (
				DA7C387523C7F3740023160E /* AppDelegate.swift in Sources */,
				DA7C387723C7F3750023160E /* SceneDelegate.swift in Sources */,
				DA7C387923C7F3750023160E /* ContentView.swift in Sources */,
			);
			runOnlyForDeploymentPostprocessing = 0;
		};
		DA7C388323C7F3930023160E /* Sources */ = {
			isa = PBXSourcesBuildPhase;
			buildActionMask = 2147483647;
			files = (
				DA7C388C23C7F3930023160E /* GroceryTests.swift in Sources */,
			);
			runOnlyForDeploymentPostprocessing = 0;
		};
		DA7C388E23C7F3930023160E /* Sources */ = {
			isa = PBXSourcesBuildPhase;
			buildActionMask = 2147483647;
			files = (
				DA7C389723C7F3940023160E /* GroceryUITests.swift in Sources */,
			);
			runOnlyForDeploymentPostprocessing = 0;
		};
/* End PBXSourcesBuildPhase section */

/* Begin PBXTargetDependency section */
		DA7C388923C7F3930023160E /* PBXTargetDependency */ = {
			isa = PBXTargetDependency;
			target = DA7C387023C7F3740023160E /* Grocery */;
			targetProxy = DA7C388823C7F3930023160E /* PBXContainerItemProxy */;
		};
		DA7C389423C7F3930023160E /* PBXTargetDependency */ = {
			isa = PBXTargetDependency;
			target = DA7C387023C7F3740023160E /* Grocery */;
			targetProxy = DA7C389323C7F3930023160E /* PBXContainerItemProxy */;
		};
/* End PBXTargetDependency section */

/* Begin PBXVariantGroup section */
		DA7C387F23C7F3920023160E /* LaunchScreen.storyboard */ = {
			isa = PBXVariantGroup;
			children = (
				DA7C388023C7F3920023160E /* Base */,
			);
			name = LaunchScreen.storyboard;
			sourceTree = "<group>";
		};
/* End PBXVariantGroup section */

/* Begin XCBuildConfiguration section */
		DA7C389923C7F3940023160E /* Debug */ = {
			isa = XCBuildConfiguration;
			buildSettings = {
				ALWAYS_SEARCH_USER_PATHS = NO;
				CLANG_ANALYZER_NONNULL = YES;
				CLANG_ANALYZER_NUMBER_OBJECT_CONVERSION = YES_AGGRESSIVE;
				CLANG_CXX_LANGUAGE_STANDARD = "gnu++14";
				CLANG_CXX_LIBRARY = "libc++";
				CLANG_ENABLE_MODULES = YES;
				CLANG_ENABLE_OBJC_ARC = YES;
				CLANG_ENABLE_OBJC_WEAK = YES;
				CLANG_WARN_BLOCK_CAPTURE_AUTORELEASING = YES;
				CLANG_WARN_BOOL_CONVERSION = YES;
				CLANG_WARN_COMMA = YES;
				CLANG_WARN_CONSTANT_CONVERSION = YES;
				CLANG_WARN_DEPRECATED_OBJC_IMPLEMENTATIONS = YES;
				CLANG_WARN_DIRECT_OBJC_ISA_USAGE = YES_ERROR;
				CLANG_WARN_DOCUMENTATION_COMMENTS = YES;
				CLANG_WARN_EMPTY_BODY = YES;
				CLANG_WARN_ENUM_CONVERSION = YES;
				CLANG_WARN_INFINITE_RECURSION = YES;
				CLANG_WARN_INT_CONVERSION = YES;
				CLANG_WARN_NON_LITERAL_NULL_CONVERSION = YES;
				CLANG_WARN_OBJC_IMPLICIT_RETAIN_SELF = YES;
				CLANG_WARN_OBJC_LITERAL_CONVERSION = YES;
				CLANG_WARN_OBJC_ROOT_CLASS = YES_ERROR;
				CLANG_WARN_RANGE_LOOP_ANALYSIS = YES;
				CLANG_WARN_STRICT_PROTOTYPES = YES;
				CLANG_WARN_SUSPICIOUS_MOVE = YES;
				CLANG_WARN_UNGUARDED_AVAILABILITY = YES_AGGRESSIVE;
				CLANG_WARN_UNREACHABLE_CODE = YES;
				CLANG_WARN__DUPLICATE_METHOD_MATCH = YES;
				COPY_PHASE_STRIP = NO;
				DEBUG_INFORMATION_FORMAT = dwarf;
				ENABLE_STRICT_OBJC_MSGSEND = YES;
				ENABLE_TESTABILITY = YES;
				GCC_C_LANGUAGE_STANDARD = gnu11;
				GCC_DYNAMIC_NO_PIC = NO;
				GCC_NO_COMMON_BLOCKS = YES;
				GCC_OPTIMIZATION_LEVEL = 0;
				GCC_PREPROCESSOR_DEFINITIONS = (
					"DEBUG=1",
					"$(inherited)",
				);
				GCC_WARN_64_TO_32_BIT_CONVERSION = YES;
				GCC_WARN_ABOUT_RETURN_TYPE = YES_ERROR;
				GCC_WARN_UNDECLARED_SELECTOR = YES;
				GCC_WARN_UNINITIALIZED_AUTOS = YES_AGGRESSIVE;
				GCC_WARN_UNUSED_FUNCTION = YES;
				GCC_WARN_UNUSED_VARIABLE = YES;
				IPHONEOS_DEPLOYMENT_TARGET = 13.1;
				MTL_ENABLE_DEBUG_INFO = INCLUDE_SOURCE;
				MTL_FAST_MATH = YES;
				ONLY_ACTIVE_ARCH = YES;
				SDKROOT = iphoneos;
				SWIFT_ACTIVE_COMPILATION_CONDITIONS = DEBUG;
				SWIFT_OPTIMIZATION_LEVEL = "-Onone";
			};
			name = Debug;
		};
		DA7C389A23C7F3940023160E /* Release */ = {
			isa = XCBuildConfiguration;
			buildSettings = {
				ALWAYS_SEARCH_USER_PATHS = NO;
				CLANG_ANALYZER_NONNULL = YES;
				CLANG_ANALYZER_NUMBER_OBJECT_CONVERSION = YES_AGGRESSIVE;
				CLANG_CXX_LANGUAGE_STANDARD = "gnu++14";
				CLANG_CXX_LIBRARY = "libc++";
				CLANG_ENABLE_MODULES = YES;
				CLANG_ENABLE_OBJC_ARC = YES;
				CLANG_ENABLE_OBJC_WEAK = YES;
				CLANG_WARN_BLOCK_CAPTURE_AUTORELEASING = YES;
				CLANG_WARN_BOOL_CONVERSION = YES;
				CLANG_WARN_COMMA = YES;
				CLANG_WARN_CONSTANT_CONVERSION = YES;
				CLANG_WARN_DEPRECATED_OBJC_IMPLEMENTATIONS = YES;
				CLANG_WARN_DIRECT_OBJC_ISA_USAGE = YES_ERROR;
				CLANG_WARN_DOCUMENTATION_COMMENTS = YES;
				CLANG_WARN_EMPTY_BODY = YES;
				CLANG_WARN_ENUM_CONVERSION = YES;
				CLANG_WARN_INFINITE_RECURSION = YES;
				CLANG_WARN_INT_CONVERSION = YES;
				CLANG_WARN_NON_LITERAL_NULL_CONVERSION = YES;
				CLANG_WARN_OBJC_IMPLICIT_RETAIN_SELF = YES;
				CLANG_WARN_OBJC_LITERAL_CONVERSION = YES;
				CLANG_WARN_OBJC_ROOT_CLASS = YES_ERROR;
				CLANG_WARN_RANGE_LOOP_ANALYSIS = YES;
				CLANG_WARN_STRICT_PROTOTYPES = YES;
				CLANG_WARN_SUSPICIOUS_MOVE = YES;
				CLANG_WARN_UNGUARDED_AVAILABILITY = YES_AGGRESSIVE;
				CLANG_WARN_UNREACHABLE_CODE = YES;
				CLANG_WARN__DUPLICATE_METHOD_MATCH = YES;
				COPY_PHASE_STRIP = NO;
				DEBUG_INFORMATION_FORMAT = "dwarf-with-dsym";
				ENABLE_NS_ASSERTIONS = NO;
				ENABLE_STRICT_OBJC_MSGSEND = YES;
				GCC_C_LANGUAGE_STANDARD = gnu11;
				GCC_NO_COMMON_BLOCKS = YES;
				GCC_WARN_64_TO_32_BIT_CONVERSION = YES;
				GCC_WARN_ABOUT_RETURN_TYPE = YES_ERROR;
				GCC_WARN_UNDECLARED_SELECTOR = YES;
				GCC_WARN_UNINITIALIZED_AUTOS = YES_AGGRESSIVE;
				GCC_WARN_UNUSED_FUNCTION = YES;
				GCC_WARN_UNUSED_VARIABLE = YES;
				IPHONEOS_DEPLOYMENT_TARGET = 13.1;
				MTL_ENABLE_DEBUG_INFO = NO;
				MTL_FAST_MATH = YES;
				SDKROOT = iphoneos;
				SWIFT_COMPILATION_MODE = wholemodule;
				SWIFT_OPTIMIZATION_LEVEL = "-O";
				VALIDATE_PRODUCT = YES;
			};
			name = Release;
		};
		DA7C389C23C7F3940023160E /* Debug */ = {
			isa = XCBuildConfiguration;
			buildSettings = {
				ASSETCATALOG_COMPILER_APPICON_NAME = AppIcon;
				CODE_SIGN_STYLE = Automatic;
				DEVELOPMENT_ASSET_PATHS = "\"Grocery/Preview Content\"";
				DEVELOPMENT_TEAM = 524ZVN5P7L;
				ENABLE_PREVIEWS = YES;
				INFOPLIST_FILE = Grocery/Info.plist;
				LD_RUNPATH_SEARCH_PATHS = (
					"$(inherited)",
					"@executable_path/Frameworks",
				);
				PRODUCT_BUNDLE_IDENTIFIER = Tello.Grocery;
				PRODUCT_NAME = "$(TARGET_NAME)";
				SWIFT_VERSION = 5.0;
				TARGETED_DEVICE_FAMILY = "1,2";
			};
			name = Debug;
		};
		DA7C389D23C7F3940023160E /* Release */ = {
			isa = XCBuildConfiguration;
			buildSettings = {
				ASSETCATALOG_COMPILER_APPICON_NAME = AppIcon;
				CODE_SIGN_STYLE = Automatic;
				DEVELOPMENT_ASSET_PATHS = "\"Grocery/Preview Content\"";
				DEVELOPMENT_TEAM = 524ZVN5P7L;
				ENABLE_PREVIEWS = YES;
				INFOPLIST_FILE = Grocery/Info.plist;
				LD_RUNPATH_SEARCH_PATHS = (
					"$(inherited)",
					"@executable_path/Frameworks",
				);
				PRODUCT_BUNDLE_IDENTIFIER = Tello.Grocery;
				PRODUCT_NAME = "$(TARGET_NAME)";
				SWIFT_VERSION = 5.0;
				TARGETED_DEVICE_FAMILY = "1,2";
			};
			name = Release;
		};
		DA7C389F23C7F3940023160E /* Debug */ = {
			isa = XCBuildConfiguration;
			buildSettings = {
				ALWAYS_EMBED_SWIFT_STANDARD_LIBRARIES = YES;
				BUNDLE_LOADER = "$(TEST_HOST)";
				CODE_SIGN_STYLE = Automatic;
				DEVELOPMENT_TEAM = 524ZVN5P7L;
				INFOPLIST_FILE = GroceryTests/Info.plist;
				IPHONEOS_DEPLOYMENT_TARGET = 13.1;
				LD_RUNPATH_SEARCH_PATHS = (
					"$(inherited)",
					"@executable_path/Frameworks",
					"@loader_path/Frameworks",
				);
				PRODUCT_BUNDLE_IDENTIFIER = Tello.GroceryTests;
				PRODUCT_NAME = "$(TARGET_NAME)";
				SWIFT_VERSION = 5.0;
				TARGETED_DEVICE_FAMILY = "1,2";
				TEST_HOST = "$(BUILT_PRODUCTS_DIR)/Grocery.app/Grocery";
			};
			name = Debug;
		};
		DA7C38A023C7F3940023160E /* Release */ = {
			isa = XCBuildConfiguration;
			buildSettings = {
				ALWAYS_EMBED_SWIFT_STANDARD_LIBRARIES = YES;
				BUNDLE_LOADER = "$(TEST_HOST)";
				CODE_SIGN_STYLE = Automatic;
				DEVELOPMENT_TEAM = 524ZVN5P7L;
				INFOPLIST_FILE = GroceryTests/Info.plist;
				IPHONEOS_DEPLOYMENT_TARGET = 13.1;
				LD_RUNPATH_SEARCH_PATHS = (
					"$(inherited)",
					"@executable_path/Frameworks",
					"@loader_path/Frameworks",
				);
				PRODUCT_BUNDLE_IDENTIFIER = Tello.GroceryTests;
				PRODUCT_NAME = "$(TARGET_NAME)";
				SWIFT_VERSION = 5.0;
				TARGETED_DEVICE_FAMILY = "1,2";
				TEST_HOST = "$(BUILT_PRODUCTS_DIR)/Grocery.app/Grocery";
			};
			name = Release;
		};
		DA7C38A223C7F3940023160E /* Debug */ = {
			isa = XCBuildConfiguration;
			buildSettings = {
				ALWAYS_EMBED_SWIFT_STANDARD_LIBRARIES = YES;
				CODE_SIGN_STYLE = Automatic;
				DEVELOPMENT_TEAM = 524ZVN5P7L;
				INFOPLIST_FILE = GroceryUITests/Info.plist;
				LD_RUNPATH_SEARCH_PATHS = (
					"$(inherited)",
					"@executable_path/Frameworks",
					"@loader_path/Frameworks",
				);
				PRODUCT_BUNDLE_IDENTIFIER = Tello.GroceryUITests;
				PRODUCT_NAME = "$(TARGET_NAME)";
				SWIFT_VERSION = 5.0;
				TARGETED_DEVICE_FAMILY = "1,2";
				TEST_TARGET_NAME = Grocery;
			};
			name = Debug;
		};
		DA7C38A323C7F3940023160E /* Release */ = {
			isa = XCBuildConfiguration;
			buildSettings = {
				ALWAYS_EMBED_SWIFT_STANDARD_LIBRARIES = YES;
				CODE_SIGN_STYLE = Automatic;
				DEVELOPMENT_TEAM = 524ZVN5P7L;
				INFOPLIST_FILE = GroceryUITests/Info.plist;
				LD_RUNPATH_SEARCH_PATHS = (
					"$(inherited)",
					"@executable_path/Frameworks",
					"@loader_path/Frameworks",
				);
				PRODUCT_BUNDLE_IDENTIFIER = Tello.GroceryUITests;
				PRODUCT_NAME = "$(TARGET_NAME)";
				SWIFT_VERSION = 5.0;
				TARGETED_DEVICE_FAMILY = "1,2";
				TEST_TARGET_NAME = Grocery;
			};
			name = Release;
		};
/* End XCBuildConfiguration section */

/* Begin XCConfigurationList section */
		DA7C386C23C7F3740023160E /* Build configuration list for PBXProject "Grocery" */ = {
			isa = XCConfigurationList;
			buildConfigurations = (
				DA7C389923C7F3940023160E /* Debug */,
				DA7C389A23C7F3940023160E /* Release */,
			);
			defaultConfigurationIsVisible = 0;
			defaultConfigurationName = Release;
		};
		DA7C389B23C7F3940023160E /* Build configuration list for PBXNativeTarget "Grocery" */ = {
			isa = XCConfigurationList;
			buildConfigurations = (
				DA7C389C23C7F3940023160E /* Debug */,
				DA7C389D23C7F3940023160E /* Release */,
			);
			defaultConfigurationIsVisible = 0;
			defaultConfigurationName = Release;
		};
		DA7C389E23C7F3940023160E /* Build configuration list for PBXNativeTarget "GroceryTests" */ = {
			isa = XCConfigurationList;
			buildConfigurations = (
				DA7C389F23C7F3940023160E /* Debug */,
				DA7C38A023C7F3940023160E /* Release */,
			);
			defaultConfigurationIsVisible = 0;
			defaultConfigurationName = Release;
		};
		DA7C38A123C7F3940023160E /* Build configuration list for PBXNativeTarget "GroceryUITests" */ = {
			isa = XCConfigurationList;
			buildConfigurations = (
				DA7C38A223C7F3940023160E /* Debug */,
				DA7C38A323C7F3940023160E /* Release */,
			);
			defaultConfigurationIsVisible = 0;
			defaultConfigurationName = Release;
		};
/* End XCConfigurationList section */
	};
	rootObject = DA7C386923C7F3740023160E /* Project object */;
}
